<?xml version="1.0" encoding="utf-8"?>
<Project ToolsVersion="4.0" xmlns="http://schemas.microsoft.com/developer/msbuild/2003">
  <ItemGroup>
    <Filter Include="include">
      <UniqueIdentifier>{d96c3db9-37bc-4a6c-99b2-fc25ba66e92d}</UniqueIdentifier>
    </Filter>
    <Filter Include="Core">
      <UniqueIdentifier>{d5869d49-90d7-4e60-aa96-974e25910d04}</UniqueIdentifier>
    </Filter>
  </ItemGroup>
  <ItemGroup>
    <ClInclude Include="include\BXC_AudioRecorder.h">
      <Filter>include</Filter>
    </ClInclude>
    <ClInclude Include="Core\WindowsAudioRecorder.h">
      <Filter>Core</Filter>
    </ClInclude>
    <ClInclude Include="Core\Common.h">
      <Filter>Core</Filter>
    </ClInclude>
  </ItemGroup>
  <ItemGroup>
    <ClCompile Include="Core\BXC_AudioRecorder.cpp">
      <Filter>Core</Filter>
    </ClCompile>
    <ClCompile Include="Core\WindowsAudioRecorder.cpp">
      <Filter>Core</Filter>
    </ClCompile>
  </ItemGroup>
</Project>